# THIS IS AN AUTOGENERATED FILE. DO NOT EDIT THIS FILE DIRECTLY.
# yarn lockfile v1


debug@0.7.4:
  version "0.7.4"
  resolved "https://registry.yarnpkg.com/debug/-/debug-0.7.4.tgz#06e1ea8082c2cb14e39806e22e2f6f757f92af39"

deep-is@0.1.2:
  version "0.1.2"
  resolved "https://registry.yarnpkg.com/deep-is/-/deep-is-0.1.2.tgz#9ced65ea0bc0b09f42a6d79c1b1903f9d913cc18"

duplexer@~0.1.1:
  version "0.1.1"
  resolved "https://registry.yarnpkg.com/duplexer/-/duplexer-0.1.1.tgz#ace6ff808c1ce66b57d1ebf97977acb02334cfc1"

event-stream@~3.3.0:
  version "3.3.4"
  resolved "https://registry.yarnpkg.com/event-stream/-/event-stream-3.3.4.tgz#4ab4c9a0f5a54db9338b4c34d86bfce8f4b35571"
  dependencies:
    duplexer "~0.1.1"
    from "~0"
    map-stream "~0.1.0"
    pause-stream "0.0.11"
    split "0.3"
    stream-combiner "~0.0.4"
    through "~2.3.1"

from@~0:
  version "0.1.7"
  resolved "https://registry.yarnpkg.com/from/-/from-0.1.7.tgz#83c60afc58b9c56997007ed1a768b3ab303a44fe"

is2@0.0.9:
  version "0.0.9"
  resolved "https://registry.yarnpkg.com/is2/-/is2-0.0.9.tgz#119556d1d1651a41ba105af803267c80b299f629"
  dependencies:
    deep-is "0.1.2"

map-stream@~0.1.0:
  version "0.1.0"
  resolved "https://registry.yarnpkg.com/map-stream/-/map-stream-0.1.0.tgz#e56aa94c4c8055a16404a0674b78f215f7c8e194"

pause-stream@0.0.11:
  version "0.0.11"
  resolved "https://registry.yarnpkg.com/pause-stream/-/pause-stream-0.0.11.tgz#fe5a34b0cbce12b5aa6a2b403ee2e73b602f1445"
  dependencies:
    through "~2.3"

ps-tree@^1.1.0:
  version "1.1.0"
  resolved "https://registry.yarnpkg.com/ps-tree/-/ps-tree-1.1.0.tgz#b421b24140d6203f1ed3c76996b4427b08e8c014"
  dependencies:
    event-stream "~3.3.0"

q@0.9.7:
  version "0.9.7"
  resolved "https://registry.yarnpkg.com/q/-/q-0.9.7.tgz#4de2e6cb3b29088c9e4cbc03bf9d42fb96ce2f75"

split@0.3:
  version "0.3.3"
  resolved "https://registry.yarnpkg.com/split/-/split-0.3.3.tgz#cd0eea5e63a211dfff7eb0f091c4133e2d0dd28f"
  dependencies:
    through "2"

stream-combiner@~0.0.4:
  version "0.0.4"
  resolved "https://registry.yarnpkg.com/stream-combiner/-/stream-combiner-0.0.4.tgz#4d5e433c185261dde623ca3f44c586bcf5c4ad14"
  dependencies:
    duplexer "~0.1.1"

tcp-port-used@^0.1.2:
  version "0.1.2"
  resolved "https://registry.yarnpkg.com/tcp-port-used/-/tcp-port-used-0.1.2.tgz#9450e8768c83b416fd4d1a6a9449eeccbf496c29"
  dependencies:
    debug "0.7.4"
    is2 "0.0.9"
    q "0.9.7"

through@2, through@~2.3, through@~2.3.1:
  version "2.3.8"
  resolved "https://registry.yarnpkg.com/through/-/through-2.3.8.tgz#0dd4c9ffaabc357960b1b724115d7e0e86a2e1f5"
